
Microsoft Visual Studio Solution File, Format Version 12.00
# Visual Studio Version 16
VisualStudioVersion = 16.0.31624.102
MinimumVisualStudioVersion = 10.0.40219.1
Project("{FAE04EC0-301F-11D3-BF4B-00C04F79EFBC}") = "programmer-s_day", "programmer-s_day\programmer-s_day.csproj", "{F8A88E52-3429-40D1-9F4D-F66301C2AC1C}"
EndProject
Global
	GlobalSection(SolutionConfigurationPlatforms) = preSolution
		Debug|Any CPU = Debug|Any CPU
		Release|Any CPU = Release|Any CPU
	EndGlobalSection
	GlobalSection(ProjectConfigurationPlatforms) = postSolution
		{F8A88E52-3429-40D1-9F4D-F66301C2AC1C}.Debug|Any CPU.ActiveCfg = Debug|Any CPU
		{F8A88E52-3429-40D1-9F4D-F66301C2AC1C}.Debug|Any CPU.Build.0 = Debug|Any CPU
		{F8A88E52-3429-40D1-9F4D-F66301C2AC1C}.Release|Any CPU.ActiveCfg = Release|Any CPU
		{F8A88E52-3429-40D1-9F4D-F66301C2AC1C}.Release|Any CPU.Build.0 = Release|Any CPU
	EndGlobalSection
	GlobalSection(SolutionProperties) = preSolution
		HideSolutionNode = FALSE
	EndGlobalSection
	GlobalSection(ExtensibilityGlobals) = postSolution
		SolutionGuid = {6D99CF53-52AA-4F49-84FD-BC8D6158D67B}
	EndGlobalSection
EndGlobal
